// !$*UTF8*$!
{
	archiveVersion = 1;
	classes = {
	};
	objectVersion = 56;
	objects = {

/* Begin PBXBuildFile section */
		2717BAE92C7D6B6300415E32 /* Notification+Extension.swift in Sources */ = {isa = PBXBuildFile; fileRef = 2717BAE82C7D6B6300415E32 /* Notification+Extension.swift */; };
		271BBEF02C7C18ED00E24D81 /* web3.swift in Frameworks */ = {isa = PBXBuildFile; productRef = 271BBEEF2C7C18ED00E24D81 /* web3.swift */; };
		271BBEFA2C7C31FA00E24D81 /* AuthManager.swift in Sources */ = {isa = PBXBuildFile; fileRef = 271BBEF92C7C31FA00E24D81 /* AuthManager.swift */; };
		271BBEFC2C7C328200E24D81 /* GlobalCoordinator.swift in Sources */ = {isa = PBXBuildFile; fileRef = 271BBEFB2C7C328200E24D81 /* GlobalCoordinator.swift */; };
		271BBEFE2C7C3FE400E24D81 /* UserViewController.swift in Sources */ = {isa = PBXBuildFile; fileRef = 271BBEFD2C7C3FE400E24D81 /* UserViewController.swift */; };
		271BBF002C7C401400E24D81 /* UserViewModel.swift in Sources */ = {isa = PBXBuildFile; fileRef = 271BBEFF2C7C401400E24D81 /* UserViewModel.swift */; };
		271BBF022C7C406300E24D81 /* UserDataModel.swift in Sources */ = {isa = PBXBuildFile; fileRef = 271BBF012C7C406300E24D81 /* UserDataModel.swift */; };
		271BBF042C7C408B00E24D81 /* UserView.swift in Sources */ = {isa = PBXBuildFile; fileRef = 271BBF032C7C408B00E24D81 /* UserView.swift */; };
		271BBF062C7C448400E24D81 /* ViewModelProtocol.swift in Sources */ = {isa = PBXBuildFile; fileRef = 271BBF052C7C448400E24D81 /* ViewModelProtocol.swift */; };
		271BBF082C7C457D00E24D81 /* UserCoordinator.swift in Sources */ = {isa = PBXBuildFile; fileRef = 271BBF072C7C457D00E24D81 /* UserCoordinator.swift */; };
		271BBF0A2C7C52B500E24D81 /* Web3Utils.swift in Sources */ = {isa = PBXBuildFile; fileRef = 271BBF092C7C52B500E24D81 /* Web3Utils.swift */; };
		2726EAF12C79F325001ACFE2 /* JazziconImageView.swift in Sources */ = {isa = PBXBuildFile; fileRef = 2726EAF02C79F325001ACFE2 /* JazziconImageView.swift */; };
		2726EAF32C79F342001ACFE2 /* Jazzicon.swift in Sources */ = {isa = PBXBuildFile; fileRef = 2726EAF22C79F342001ACFE2 /* Jazzicon.swift */; };
		2726EAF52C79F362001ACFE2 /* JazzColors.swift in Sources */ = {isa = PBXBuildFile; fileRef = 2726EAF42C79F362001ACFE2 /* JazzColors.swift */; };
		2726EAF72C79F3A9001ACFE2 /* Squall.swift in Sources */ = {isa = PBXBuildFile; fileRef = 2726EAF62C79F3A9001ACFE2 /* Squall.swift */; };
		2726EAF92C79F412001ACFE2 /* Mersenne.swift in Sources */ = {isa = PBXBuildFile; fileRef = 2726EAF82C79F412001ACFE2 /* Mersenne.swift */; };
		2726EB022C7A0F27001ACFE2 /* Paths.swift in Sources */ = {isa = PBXBuildFile; fileRef = 2726EB012C7A0F27001ACFE2 /* Paths.swift */; };
		2726EB082C7A26A7001ACFE2 /* NFTModel.swift in Sources */ = {isa = PBXBuildFile; fileRef = 2726EB072C7A26A7001ACFE2 /* NFTModel.swift */; };
		27451DC72C7BC58600768A67 /* Web3Auth in Frameworks */ = {isa = PBXBuildFile; productRef = 27451DC62C7BC58600768A67 /* Web3Auth */; };
		27451DCA2C7BC67100768A67 /* Alamofire in Frameworks */ = {isa = PBXBuildFile; productRef = 27451DC92C7BC67100768A67 /* Alamofire */; };
		27451DCF2C7BC68A00768A67 /* SwiftQRCodeScanner in Frameworks */ = {isa = PBXBuildFile; productRef = 27451DCE2C7BC68A00768A67 /* SwiftQRCodeScanner */; };
		277C25972C7BFA250034AC0A /* Web3Auth.plist in Resources */ = {isa = PBXBuildFile; fileRef = 277C25962C7BFA250034AC0A /* Web3Auth.plist */; };
		277C259D2C7C00C70034AC0A /* AuthDataModel.swift in Sources */ = {isa = PBXBuildFile; fileRef = 277C259C2C7C00C70034AC0A /* AuthDataModel.swift */; };
		277C25A02C7C00D80034AC0A /* AuthViewModel.swift in Sources */ = {isa = PBXBuildFile; fileRef = 277C259F2C7C00D80034AC0A /* AuthViewModel.swift */; };
		277C25A22C7C014F0034AC0A /* AuthViewController.swift in Sources */ = {isa = PBXBuildFile; fileRef = 277C25A12C7C014F0034AC0A /* AuthViewController.swift */; };
		277C25A52C7C022C0034AC0A /* AuthCoordinator.swift in Sources */ = {isa = PBXBuildFile; fileRef = 277C25A42C7C022C0034AC0A /* AuthCoordinator.swift */; };
		277C25A72C7C0A430034AC0A /* LoginView.swift in Sources */ = {isa = PBXBuildFile; fileRef = 277C25A62C7C0A430034AC0A /* LoginView.swift */; };
		277C25AB2C7C17CC0034AC0A /* Web3PRC.swift in Sources */ = {isa = PBXBuildFile; fileRef = 277C25AA2C7C17CC0034AC0A /* Web3PRC.swift */; };
		506A73602C79403800A62FC7 /* AppDelegate.swift in Sources */ = {isa = PBXBuildFile; fileRef = 506A735F2C79403800A62FC7 /* AppDelegate.swift */; };
		506A73622C79403800A62FC7 /* SceneDelegate.swift in Sources */ = {isa = PBXBuildFile; fileRef = 506A73612C79403800A62FC7 /* SceneDelegate.swift */; };
		506A73642C79403800A62FC7 /* ViewController.swift in Sources */ = {isa = PBXBuildFile; fileRef = 506A73632C79403800A62FC7 /* ViewController.swift */; };
		506A73692C79403900A62FC7 /* Assets.xcassets in Resources */ = {isa = PBXBuildFile; fileRef = 506A73682C79403900A62FC7 /* Assets.xcassets */; };
		506A736C2C79403900A62FC7 /* Base in Resources */ = {isa = PBXBuildFile; fileRef = 506A736B2C79403900A62FC7 /* Base */; };
		506A73772C79403900A62FC7 /* Wallet_iOSTests.swift in Sources */ = {isa = PBXBuildFile; fileRef = 506A73762C79403900A62FC7 /* Wallet_iOSTests.swift */; };
		506A73922C7942C500A62FC7 /* UIView+Extension.swift in Sources */ = {isa = PBXBuildFile; fileRef = 506A73912C7942C500A62FC7 /* UIView+Extension.swift */; };
		506A73942C7942E700A62FC7 /* UIColor+Extension.swift in Sources */ = {isa = PBXBuildFile; fileRef = 506A73932C7942E700A62FC7 /* UIColor+Extension.swift */; };
		506A73962C79433100A62FC7 /* UIButton+Extension.swift in Sources */ = {isa = PBXBuildFile; fileRef = 506A73952C79433100A62FC7 /* UIButton+Extension.swift */; };
		506A73982C79435700A62FC7 /* Reusable+Extension.swift in Sources */ = {isa = PBXBuildFile; fileRef = 506A73972C79435700A62FC7 /* Reusable+Extension.swift */; };
		506A739A2C79437000A62FC7 /* UITextField+Extension.swift in Sources */ = {isa = PBXBuildFile; fileRef = 506A73992C79437000A62FC7 /* UITextField+Extension.swift */; };
		506A739C2C79439100A62FC7 /* UserDefaulfs+Extension.swift in Sources */ = {isa = PBXBuildFile; fileRef = 506A739B2C79439100A62FC7 /* UserDefaulfs+Extension.swift */; };
		506A739E2C7943AF00A62FC7 /* UIViewController+Extension.swift in Sources */ = {isa = PBXBuildFile; fileRef = 506A739D2C7943AF00A62FC7 /* UIViewController+Extension.swift */; };
		506A73A12C7943D700A62FC7 /* AppCoordinator.swift in Sources */ = {isa = PBXBuildFile; fileRef = 506A73A02C7943D700A62FC7 /* AppCoordinator.swift */; };
		506A73A42C7943FB00A62FC7 /* Stack.swift in Sources */ = {isa = PBXBuildFile; fileRef = 506A73A32C7943FB00A62FC7 /* Stack.swift */; };
		506A73A62C79448500A62FC7 /* BalanceCoordinator.swift in Sources */ = {isa = PBXBuildFile; fileRef = 506A73A52C79448500A62FC7 /* BalanceCoordinator.swift */; };
		506A73A92C7944AD00A62FC7 /* BalanceViewModel.swift in Sources */ = {isa = PBXBuildFile; fileRef = 506A73A82C7944AD00A62FC7 /* BalanceViewModel.swift */; };
		506A73AC2C7944D700A62FC7 /* BalanceDataModel.swift in Sources */ = {isa = PBXBuildFile; fileRef = 506A73AB2C7944D700A62FC7 /* BalanceDataModel.swift */; };
		506A73AF2C7944FC00A62FC7 /* BalanceViewController.swift in Sources */ = {isa = PBXBuildFile; fileRef = 506A73AE2C7944FC00A62FC7 /* BalanceViewController.swift */; };
		506A73B12C79457200A62FC7 /* Toast.swift in Sources */ = {isa = PBXBuildFile; fileRef = 506A73B02C79457200A62FC7 /* Toast.swift */; };
		506A73B32C7945A000A62FC7 /* Screen.swift in Sources */ = {isa = PBXBuildFile; fileRef = 506A73B22C7945A000A62FC7 /* Screen.swift */; };
		506A73B62C7945BE00A62FC7 /* Images.swift in Sources */ = {isa = PBXBuildFile; fileRef = 506A73B52C7945BE00A62FC7 /* Images.swift */; };
		506A73B82C7945EB00A62FC7 /* Fonts.swift in Sources */ = {isa = PBXBuildFile; fileRef = 506A73B72C7945EB00A62FC7 /* Fonts.swift */; };
		506A73BB2C79469800A62FC7 /* BaseView.swift in Sources */ = {isa = PBXBuildFile; fileRef = 506A73BA2C79469800A62FC7 /* BaseView.swift */; };
		506A73BD2C7946A700A62FC7 /* Colors.swift in Sources */ = {isa = PBXBuildFile; fileRef = 506A73BC2C7946A700A62FC7 /* Colors.swift */; };
		506A73BF2C7946E900A62FC7 /* BaseViewController.swift in Sources */ = {isa = PBXBuildFile; fileRef = 506A73BE2C7946E900A62FC7 /* BaseViewController.swift */; };
		506A73C12C79470000A62FC7 /* BaseTableView.swift in Sources */ = {isa = PBXBuildFile; fileRef = 506A73C02C79470000A62FC7 /* BaseTableView.swift */; };
		506A73C32C79471300A62FC7 /* BaseTabelViewCell.swift in Sources */ = {isa = PBXBuildFile; fileRef = 506A73C22C79471300A62FC7 /* BaseTabelViewCell.swift */; };
		506A73C52C79472500A62FC7 /* BaseCollectionView.swift in Sources */ = {isa = PBXBuildFile; fileRef = 506A73C42C79472500A62FC7 /* BaseCollectionView.swift */; };
		506A73C72C79473600A62FC7 /* BaseCollectionViewCell.swift in Sources */ = {isa = PBXBuildFile; fileRef = 506A73C62C79473600A62FC7 /* BaseCollectionViewCell.swift */; };
		506A73CA2C794BF900A62FC7 /* NFTViewController.swift in Sources */ = {isa = PBXBuildFile; fileRef = 506A73C92C794BF900A62FC7 /* NFTViewController.swift */; };
		506A73CC2C794C2900A62FC7 /* TxViewController.swift in Sources */ = {isa = PBXBuildFile; fileRef = 506A73CB2C794C2900A62FC7 /* TxViewController.swift */; };
		506A73CE2C794C4100A62FC7 /* SettingViewController.swift in Sources */ = {isa = PBXBuildFile; fileRef = 506A73CD2C794C4100A62FC7 /* SettingViewController.swift */; };
		506A73D02C794CB700A62FC7 /* SideMenuViewController.swift in Sources */ = {isa = PBXBuildFile; fileRef = 506A73CF2C794CB700A62FC7 /* SideMenuViewController.swift */; };
		506A73D42C794D7F00A62FC7 /* MenuAnimator.swift in Sources */ = {isa = PBXBuildFile; fileRef = 506A73D32C794D7F00A62FC7 /* MenuAnimator.swift */; };
		506A73D62C794D9C00A62FC7 /* MenuContainerViewController.swift in Sources */ = {isa = PBXBuildFile; fileRef = 506A73D52C794D9C00A62FC7 /* MenuContainerViewController.swift */; };
		506A73D82C794DAA00A62FC7 /* MenuTransitioningDelegate.swift in Sources */ = {isa = PBXBuildFile; fileRef = 506A73D72C794DAA00A62FC7 /* MenuTransitioningDelegate.swift */; };
		506A73DA2C794DC900A62FC7 /* MenuViewController.swift in Sources */ = {isa = PBXBuildFile; fileRef = 506A73D92C794DC900A62FC7 /* MenuViewController.swift */; };
		506A73DC2C794DDB00A62FC7 /* Options.swift in Sources */ = {isa = PBXBuildFile; fileRef = 506A73DB2C794DDB00A62FC7 /* Options.swift */; };
		506A73DE2C794E0B00A62FC7 /* SideMenuItemContent.swift in Sources */ = {isa = PBXBuildFile; fileRef = 506A73DD2C794E0B00A62FC7 /* SideMenuItemContent.swift */; };
		506A73E02C794E2400A62FC7 /* SideMenuItemOptions.swift in Sources */ = {isa = PBXBuildFile; fileRef = 506A73DF2C794E2400A62FC7 /* SideMenuItemOptions.swift */; };
		506A73E32C794F7F00A62FC7 /* SideMenuViewModel.swift in Sources */ = {isa = PBXBuildFile; fileRef = 506A73E22C794F7F00A62FC7 /* SideMenuViewModel.swift */; };
		506A73E52C794FCD00A62FC7 /* NFTViewModel.swift in Sources */ = {isa = PBXBuildFile; fileRef = 506A73E42C794FCD00A62FC7 /* NFTViewModel.swift */; };
		506A73E72C794FFD00A62FC7 /* TxViewModel.swift in Sources */ = {isa = PBXBuildFile; fileRef = 506A73E62C794FFD00A62FC7 /* TxViewModel.swift */; };
		506A73E92C79505100A62FC7 /* SettingViewModel.swift in Sources */ = {isa = PBXBuildFile; fileRef = 506A73E82C79505100A62FC7 /* SettingViewModel.swift */; };
		506A73EC2C79520100A62FC7 /* SideMenuCoordinator.swift in Sources */ = {isa = PBXBuildFile; fileRef = 506A73EB2C79520100A62FC7 /* SideMenuCoordinator.swift */; };
		506A73EE2C79522B00A62FC7 /* NFTCoordinator.swift in Sources */ = {isa = PBXBuildFile; fileRef = 506A73ED2C79522B00A62FC7 /* NFTCoordinator.swift */; };
		506A73F02C79526900A62FC7 /* TxCoordinator.swift in Sources */ = {isa = PBXBuildFile; fileRef = 506A73EF2C79526900A62FC7 /* TxCoordinator.swift */; };
		506A73F22C7952A100A62FC7 /* SettingCoordinator.swift in Sources */ = {isa = PBXBuildFile; fileRef = 506A73F12C7952A100A62FC7 /* SettingCoordinator.swift */; };
		506A73F42C7952FA00A62FC7 /* HostViewController.swift in Sources */ = {isa = PBXBuildFile; fileRef = 506A73F32C7952FA00A62FC7 /* HostViewController.swift */; };
		506A73F62C7953C000A62FC7 /* HostViewModel.swift in Sources */ = {isa = PBXBuildFile; fileRef = 506A73F52C7953C000A62FC7 /* HostViewModel.swift */; };
		506A73F82C79555400A62FC7 /* HostCoordinator.swift in Sources */ = {isa = PBXBuildFile; fileRef = 506A73F72C79555400A62FC7 /* HostCoordinator.swift */; };
		506A73FA2C7AB30500A62FC7 /* AlchemyResponse.swift in Sources */ = {isa = PBXBuildFile; fileRef = 506A73F92C7AB30500A62FC7 /* AlchemyResponse.swift */; };
		506A74002C7AD3AF00A62FC7 /* CoinPaprikaResponse.swift in Sources */ = {isa = PBXBuildFile; fileRef = 506A73FF2C7AD3AF00A62FC7 /* CoinPaprikaResponse.swift */; };
		506A740F2C7AE4C200A62FC7 /* Roboto-Black.ttf in Resources */ = {isa = PBXBuildFile; fileRef = 506A74012C7AE4C200A62FC7 /* Roboto-Black.ttf */; };
		506A74102C7AE4C200A62FC7 /* Roboto-BlackItalic.ttf in Resources */ = {isa = PBXBuildFile; fileRef = 506A74022C7AE4C200A62FC7 /* Roboto-BlackItalic.ttf */; };
		506A74112C7AE4C200A62FC7 /* Roboto-Bold.ttf in Resources */ = {isa = PBXBuildFile; fileRef = 506A74032C7AE4C200A62FC7 /* Roboto-Bold.ttf */; };
		506A74122C7AE4C200A62FC7 /* Roboto-BoldItalic.ttf in Resources */ = {isa = PBXBuildFile; fileRef = 506A74042C7AE4C200A62FC7 /* Roboto-BoldItalic.ttf */; };
		506A74132C7AE4C200A62FC7 /* Roboto-Italic.ttf in Resources */ = {isa = PBXBuildFile; fileRef = 506A74052C7AE4C200A62FC7 /* Roboto-Italic.ttf */; };
		506A74142C7AE4C200A62FC7 /* Roboto-Light.ttf in Resources */ = {isa = PBXBuildFile; fileRef = 506A74062C7AE4C200A62FC7 /* Roboto-Light.ttf */; };
		506A74152C7AE4C200A62FC7 /* Roboto-LightItalic.ttf in Resources */ = {isa = PBXBuildFile; fileRef = 506A74072C7AE4C200A62FC7 /* Roboto-LightItalic.ttf */; };
		506A74162C7AE4C200A62FC7 /* Roboto-Medium.ttf in Resources */ = {isa = PBXBuildFile; fileRef = 506A74082C7AE4C200A62FC7 /* Roboto-Medium.ttf */; };
		506A74172C7AE4C200A62FC7 /* Roboto-MediumItalic.ttf in Resources */ = {isa = PBXBuildFile; fileRef = 506A74092C7AE4C200A62FC7 /* Roboto-MediumItalic.ttf */; };
		506A74182C7AE4C200A62FC7 /* Roboto-Regular.ttf in Resources */ = {isa = PBXBuildFile; fileRef = 506A740A2C7AE4C200A62FC7 /* Roboto-Regular.ttf */; };
		506A74192C7AE4C200A62FC7 /* Roboto-Thin.ttf in Resources */ = {isa = PBXBuildFile; fileRef = 506A740B2C7AE4C200A62FC7 /* Roboto-Thin.ttf */; };
		506A741A2C7AE4C200A62FC7 /* Roboto-ThinItalic.ttf in Resources */ = {isa = PBXBuildFile; fileRef = 506A740C2C7AE4C200A62FC7 /* Roboto-ThinItalic.ttf */; };
		50D27C2F2C7B2D0900AAD3B4 /* SendTxDataModel.swift in Sources */ = {isa = PBXBuildFile; fileRef = 50D27C2E2C7B2D0900AAD3B4 /* SendTxDataModel.swift */; };
		50D27C332C7B2DF600AAD3B4 /* SendTxViewController.swift in Sources */ = {isa = PBXBuildFile; fileRef = 50D27C322C7B2DF600AAD3B4 /* SendTxViewController.swift */; };
		50D27C362C7B2E1600AAD3B4 /* SendTxViewModel.swift in Sources */ = {isa = PBXBuildFile; fileRef = 50D27C352C7B2E1600AAD3B4 /* SendTxViewModel.swift */; };
/* End PBXBuildFile section */

/* Begin PBXContainerItemProxy section */
		506A73732C79403900A62FC7 /* PBXContainerItemProxy */ = {
			isa = PBXContainerItemProxy;
			containerPortal = 506A73542C79403800A62FC7 /* Project object */;
			proxyType = 1;
			remoteGlobalIDString = 506A735B2C79403800A62FC7;
			remoteInfo = "Wallet-iOS";
		};
/* End PBXContainerItemProxy section */

/* Begin PBXFileReference section */
		2717BAE82C7D6B6300415E32 /* Notification+Extension.swift */ = {isa = PBXFileReference; lastKnownFileType = sourcecode.swift; path = "Notification+Extension.swift"; sourceTree = "<group>"; };
		271BBEF92C7C31FA00E24D81 /* AuthManager.swift */ = {isa = PBXFileReference; lastKnownFileType = sourcecode.swift; path = AuthManager.swift; sourceTree = "<group>"; };
		271BBEFB2C7C328200E24D81 /* GlobalCoordinator.swift */ = {isa = PBXFileReference; lastKnownFileType = sourcecode.swift; path = GlobalCoordinator.swift; sourceTree = "<group>"; };
		271BBEFD2C7C3FE400E24D81 /* UserViewController.swift */ = {isa = PBXFileReference; lastKnownFileType = sourcecode.swift; path = UserViewController.swift; sourceTree = "<group>"; };
		271BBEFF2C7C401400E24D81 /* UserViewModel.swift */ = {isa = PBXFileReference; lastKnownFileType = sourcecode.swift; path = UserViewModel.swift; sourceTree = "<group>"; };
		271BBF012C7C406300E24D81 /* UserDataModel.swift */ = {isa = PBXFileReference; lastKnownFileType = sourcecode.swift; path = UserDataModel.swift; sourceTree = "<group>"; };
		271BBF032C7C408B00E24D81 /* UserView.swift */ = {isa = PBXFileReference; lastKnownFileType = sourcecode.swift; path = UserView.swift; sourceTree = "<group>"; };
		271BBF052C7C448400E24D81 /* ViewModelProtocol.swift */ = {isa = PBXFileReference; lastKnownFileType = sourcecode.swift; path = ViewModelProtocol.swift; sourceTree = "<group>"; };
		271BBF072C7C457D00E24D81 /* UserCoordinator.swift */ = {isa = PBXFileReference; lastKnownFileType = sourcecode.swift; path = UserCoordinator.swift; sourceTree = "<group>"; };
		271BBF092C7C52B500E24D81 /* Web3Utils.swift */ = {isa = PBXFileReference; lastKnownFileType = sourcecode.swift; path = Web3Utils.swift; sourceTree = "<group>"; };
		2726EAF02C79F325001ACFE2 /* JazziconImageView.swift */ = {isa = PBXFileReference; lastKnownFileType = sourcecode.swift; path = JazziconImageView.swift; sourceTree = "<group>"; };
		2726EAF22C79F342001ACFE2 /* Jazzicon.swift */ = {isa = PBXFileReference; lastKnownFileType = sourcecode.swift; path = Jazzicon.swift; sourceTree = "<group>"; };
		2726EAF42C79F362001ACFE2 /* JazzColors.swift */ = {isa = PBXFileReference; lastKnownFileType = sourcecode.swift; path = JazzColors.swift; sourceTree = "<group>"; };
		2726EAF62C79F3A9001ACFE2 /* Squall.swift */ = {isa = PBXFileReference; lastKnownFileType = sourcecode.swift; path = Squall.swift; sourceTree = "<group>"; };
		2726EAF82C79F412001ACFE2 /* Mersenne.swift */ = {isa = PBXFileReference; lastKnownFileType = sourcecode.swift; path = Mersenne.swift; sourceTree = "<group>"; };
		2726EB012C7A0F27001ACFE2 /* Paths.swift */ = {isa = PBXFileReference; lastKnownFileType = sourcecode.swift; path = Paths.swift; sourceTree = "<group>"; };
		2726EB072C7A26A7001ACFE2 /* NFTModel.swift */ = {isa = PBXFileReference; lastKnownFileType = sourcecode.swift; path = NFTModel.swift; sourceTree = "<group>"; };
		277C25962C7BFA250034AC0A /* Web3Auth.plist */ = {isa = PBXFileReference; lastKnownFileType = text.plist.xml; path = Web3Auth.plist; sourceTree = "<group>"; };
		277C259C2C7C00C70034AC0A /* AuthDataModel.swift */ = {isa = PBXFileReference; lastKnownFileType = sourcecode.swift; path = AuthDataModel.swift; sourceTree = "<group>"; };
		277C259F2C7C00D80034AC0A /* AuthViewModel.swift */ = {isa = PBXFileReference; lastKnownFileType = sourcecode.swift; path = AuthViewModel.swift; sourceTree = "<group>"; };
		277C25A12C7C014F0034AC0A /* AuthViewController.swift */ = {isa = PBXFileReference; lastKnownFileType = sourcecode.swift; path = AuthViewController.swift; sourceTree = "<group>"; };
		277C25A42C7C022C0034AC0A /* AuthCoordinator.swift */ = {isa = PBXFileReference; lastKnownFileType = sourcecode.swift; path = AuthCoordinator.swift; sourceTree = "<group>"; };
		277C25A62C7C0A430034AC0A /* LoginView.swift */ = {isa = PBXFileReference; lastKnownFileType = sourcecode.swift; path = LoginView.swift; sourceTree = "<group>"; };
		277C25AA2C7C17CC0034AC0A /* Web3PRC.swift */ = {isa = PBXFileReference; lastKnownFileType = sourcecode.swift; path = Web3PRC.swift; sourceTree = "<group>"; };
		506A735C2C79403800A62FC7 /* Wallet-iOS.app */ = {isa = PBXFileReference; explicitFileType = wrapper.application; includeInIndex = 0; path = "Wallet-iOS.app"; sourceTree = BUILT_PRODUCTS_DIR; };
		506A735F2C79403800A62FC7 /* AppDelegate.swift */ = {isa = PBXFileReference; lastKnownFileType = sourcecode.swift; path = AppDelegate.swift; sourceTree = "<group>"; };
		506A73612C79403800A62FC7 /* SceneDelegate.swift */ = {isa = PBXFileReference; lastKnownFileType = sourcecode.swift; path = SceneDelegate.swift; sourceTree = "<group>"; };
		506A73632C79403800A62FC7 /* ViewController.swift */ = {isa = PBXFileReference; lastKnownFileType = sourcecode.swift; path = ViewController.swift; sourceTree = "<group>"; };
		506A73682C79403900A62FC7 /* Assets.xcassets */ = {isa = PBXFileReference; lastKnownFileType = folder.assetcatalog; path = Assets.xcassets; sourceTree = "<group>"; };
		506A736B2C79403900A62FC7 /* Base */ = {isa = PBXFileReference; lastKnownFileType = file.storyboard; name = Base; path = Base.lproj/LaunchScreen.storyboard; sourceTree = "<group>"; };
		506A736D2C79403900A62FC7 /* Info.plist */ = {isa = PBXFileReference; lastKnownFileType = text.plist.xml; path = Info.plist; sourceTree = "<group>"; };
		506A73722C79403900A62FC7 /* Wallet-iOSTests.xctest */ = {isa = PBXFileReference; explicitFileType = wrapper.cfbundle; includeInIndex = 0; path = "Wallet-iOSTests.xctest"; sourceTree = BUILT_PRODUCTS_DIR; };
		506A73762C79403900A62FC7 /* Wallet_iOSTests.swift */ = {isa = PBXFileReference; lastKnownFileType = sourcecode.swift; path = Wallet_iOSTests.swift; sourceTree = "<group>"; };
		506A73912C7942C500A62FC7 /* UIView+Extension.swift */ = {isa = PBXFileReference; lastKnownFileType = sourcecode.swift; path = "UIView+Extension.swift"; sourceTree = "<group>"; };
		506A73932C7942E700A62FC7 /* UIColor+Extension.swift */ = {isa = PBXFileReference; lastKnownFileType = sourcecode.swift; path = "UIColor+Extension.swift"; sourceTree = "<group>"; };
		506A73952C79433100A62FC7 /* UIButton+Extension.swift */ = {isa = PBXFileReference; lastKnownFileType = sourcecode.swift; path = "UIButton+Extension.swift"; sourceTree = "<group>"; };
		506A73972C79435700A62FC7 /* Reusable+Extension.swift */ = {isa = PBXFileReference; lastKnownFileType = sourcecode.swift; path = "Reusable+Extension.swift"; sourceTree = "<group>"; };
		506A73992C79437000A62FC7 /* UITextField+Extension.swift */ = {isa = PBXFileReference; lastKnownFileType = sourcecode.swift; path = "UITextField+Extension.swift"; sourceTree = "<group>"; };
		506A739B2C79439100A62FC7 /* UserDefaulfs+Extension.swift */ = {isa = PBXFileReference; lastKnownFileType = sourcecode.swift; path = "UserDefaulfs+Extension.swift"; sourceTree = "<group>"; };
		506A739D2C7943AF00A62FC7 /* UIViewController+Extension.swift */ = {isa = PBXFileReference; lastKnownFileType = sourcecode.swift; path = "UIViewController+Extension.swift"; sourceTree = "<group>"; };
		506A73A02C7943D700A62FC7 /* AppCoordinator.swift */ = {isa = PBXFileReference; lastKnownFileType = sourcecode.swift; path = AppCoordinator.swift; sourceTree = "<group>"; };
		506A73A32C7943FB00A62FC7 /* Stack.swift */ = {isa = PBXFileReference; lastKnownFileType = sourcecode.swift; path = Stack.swift; sourceTree = "<group>"; };
		506A73A52C79448500A62FC7 /* BalanceCoordinator.swift */ = {isa = PBXFileReference; lastKnownFileType = sourcecode.swift; path = BalanceCoordinator.swift; sourceTree = "<group>"; };
		506A73A82C7944AD00A62FC7 /* BalanceViewModel.swift */ = {isa = PBXFileReference; lastKnownFileType = sourcecode.swift; path = BalanceViewModel.swift; sourceTree = "<group>"; };
		506A73AB2C7944D700A62FC7 /* BalanceDataModel.swift */ = {isa = PBXFileReference; lastKnownFileType = sourcecode.swift; path = BalanceDataModel.swift; sourceTree = "<group>"; };
		506A73AE2C7944FC00A62FC7 /* BalanceViewController.swift */ = {isa = PBXFileReference; lastKnownFileType = sourcecode.swift; path = BalanceViewController.swift; sourceTree = "<group>"; };
		506A73B02C79457200A62FC7 /* Toast.swift */ = {isa = PBXFileReference; lastKnownFileType = sourcecode.swift; path = Toast.swift; sourceTree = "<group>"; };
		506A73B22C7945A000A62FC7 /* Screen.swift */ = {isa = PBXFileReference; lastKnownFileType = sourcecode.swift; path = Screen.swift; sourceTree = "<group>"; };
		506A73B52C7945BE00A62FC7 /* Images.swift */ = {isa = PBXFileReference; lastKnownFileType = sourcecode.swift; path = Images.swift; sourceTree = "<group>"; };
		506A73B72C7945EB00A62FC7 /* Fonts.swift */ = {isa = PBXFileReference; lastKnownFileType = sourcecode.swift; path = Fonts.swift; sourceTree = "<group>"; };
		506A73BA2C79469800A62FC7 /* BaseView.swift */ = {isa = PBXFileReference; lastKnownFileType = sourcecode.swift; path = BaseView.swift; sourceTree = "<group>"; };
		506A73BC2C7946A700A62FC7 /* Colors.swift */ = {isa = PBXFileReference; lastKnownFileType = sourcecode.swift; path = Colors.swift; sourceTree = "<group>"; };
		506A73BE2C7946E900A62FC7 /* BaseViewController.swift */ = {isa = PBXFileReference; lastKnownFileType = sourcecode.swift; path = BaseViewController.swift; sourceTree = "<group>"; };
		506A73C02C79470000A62FC7 /* BaseTableView.swift */ = {isa = PBXFileReference; lastKnownFileType = sourcecode.swift; path = BaseTableView.swift; sourceTree = "<group>"; };
		506A73C22C79471300A62FC7 /* BaseTabelViewCell.swift */ = {isa = PBXFileReference; lastKnownFileType = sourcecode.swift; path = BaseTabelViewCell.swift; sourceTree = "<group>"; };
		506A73C42C79472500A62FC7 /* BaseCollectionView.swift */ = {isa = PBXFileReference; lastKnownFileType = sourcecode.swift; path = BaseCollectionView.swift; sourceTree = "<group>"; };
		506A73C62C79473600A62FC7 /* BaseCollectionViewCell.swift */ = {isa = PBXFileReference; lastKnownFileType = sourcecode.swift; path = BaseCollectionViewCell.swift; sourceTree = "<group>"; };
		506A73C92C794BF900A62FC7 /* NFTViewController.swift */ = {isa = PBXFileReference; lastKnownFileType = sourcecode.swift; path = NFTViewController.swift; sourceTree = "<group>"; };
		506A73CB2C794C2900A62FC7 /* TxViewController.swift */ = {isa = PBXFileReference; lastKnownFileType = sourcecode.swift; path = TxViewController.swift; sourceTree = "<group>"; };
		506A73CD2C794C4100A62FC7 /* SettingViewController.swift */ = {isa = PBXFileReference; lastKnownFileType = sourcecode.swift; path = SettingViewController.swift; sourceTree = "<group>"; };
		506A73CF2C794CB700A62FC7 /* SideMenuViewController.swift */ = {isa = PBXFileReference; lastKnownFileType = sourcecode.swift; path = SideMenuViewController.swift; sourceTree = "<group>"; };
		506A73D32C794D7F00A62FC7 /* MenuAnimator.swift */ = {isa = PBXFileReference; lastKnownFileType = sourcecode.swift; path = MenuAnimator.swift; sourceTree = "<group>"; };
		506A73D52C794D9C00A62FC7 /* MenuContainerViewController.swift */ = {isa = PBXFileReference; lastKnownFileType = sourcecode.swift; path = MenuContainerViewController.swift; sourceTree = "<group>"; };
		506A73D72C794DAA00A62FC7 /* MenuTransitioningDelegate.swift */ = {isa = PBXFileReference; lastKnownFileType = sourcecode.swift; path = MenuTransitioningDelegate.swift; sourceTree = "<group>"; };
		506A73D92C794DC900A62FC7 /* MenuViewController.swift */ = {isa = PBXFileReference; lastKnownFileType = sourcecode.swift; path = MenuViewController.swift; sourceTree = "<group>"; };
		506A73DB2C794DDB00A62FC7 /* Options.swift */ = {isa = PBXFileReference; lastKnownFileType = sourcecode.swift; path = Options.swift; sourceTree = "<group>"; };
		506A73DD2C794E0B00A62FC7 /* SideMenuItemContent.swift */ = {isa = PBXFileReference; lastKnownFileType = sourcecode.swift; path = SideMenuItemContent.swift; sourceTree = "<group>"; };
		506A73DF2C794E2400A62FC7 /* SideMenuItemOptions.swift */ = {isa = PBXFileReference; lastKnownFileType = sourcecode.swift; path = SideMenuItemOptions.swift; sourceTree = "<group>"; };
		506A73E22C794F7F00A62FC7 /* SideMenuViewModel.swift */ = {isa = PBXFileReference; lastKnownFileType = sourcecode.swift; path = SideMenuViewModel.swift; sourceTree = "<group>"; };
		506A73E42C794FCD00A62FC7 /* NFTViewModel.swift */ = {isa = PBXFileReference; lastKnownFileType = sourcecode.swift; path = NFTViewModel.swift; sourceTree = "<group>"; };
		506A73E62C794FFD00A62FC7 /* TxViewModel.swift */ = {isa = PBXFileReference; lastKnownFileType = sourcecode.swift; path = TxViewModel.swift; sourceTree = "<group>"; };
		506A73E82C79505100A62FC7 /* SettingViewModel.swift */ = {isa = PBXFileReference; lastKnownFileType = sourcecode.swift; path = SettingViewModel.swift; sourceTree = "<group>"; };
		506A73EB2C79520100A62FC7 /* SideMenuCoordinator.swift */ = {isa = PBXFileReference; lastKnownFileType = sourcecode.swift; path = SideMenuCoordinator.swift; sourceTree = "<group>"; };
		506A73ED2C79522B00A62FC7 /* NFTCoordinator.swift */ = {isa = PBXFileReference; lastKnownFileType = sourcecode.swift; path = NFTCoordinator.swift; sourceTree = "<group>"; };
		506A73EF2C79526900A62FC7 /* TxCoordinator.swift */ = {isa = PBXFileReference; lastKnownFileType = sourcecode.swift; path = TxCoordinator.swift; sourceTree = "<group>"; };
		506A73F12C7952A100A62FC7 /* SettingCoordinator.swift */ = {isa = PBXFileReference; lastKnownFileType = sourcecode.swift; path = SettingCoordinator.swift; sourceTree = "<group>"; };
		506A73F32C7952FA00A62FC7 /* HostViewController.swift */ = {isa = PBXFileReference; lastKnownFileType = sourcecode.swift; path = HostViewController.swift; sourceTree = "<group>"; };
		506A73F52C7953C000A62FC7 /* HostViewModel.swift */ = {isa = PBXFileReference; lastKnownFileType = sourcecode.swift; path = HostViewModel.swift; sourceTree = "<group>"; };
		506A73F72C79555400A62FC7 /* HostCoordinator.swift */ = {isa = PBXFileReference; lastKnownFileType = sourcecode.swift; path = HostCoordinator.swift; sourceTree = "<group>"; };
		506A73F92C7AB30500A62FC7 /* AlchemyResponse.swift */ = {isa = PBXFileReference; lastKnownFileType = sourcecode.swift; path = AlchemyResponse.swift; sourceTree = "<group>"; };
		506A73FF2C7AD3AF00A62FC7 /* CoinPaprikaResponse.swift */ = {isa = PBXFileReference; lastKnownFileType = sourcecode.swift; path = CoinPaprikaResponse.swift; sourceTree = "<group>"; };
		506A74012C7AE4C200A62FC7 /* Roboto-Black.ttf */ = {isa = PBXFileReference; lastKnownFileType = file; path = "Roboto-Black.ttf"; sourceTree = "<group>"; };
		506A74022C7AE4C200A62FC7 /* Roboto-BlackItalic.ttf */ = {isa = PBXFileReference; lastKnownFileType = file; path = "Roboto-BlackItalic.ttf"; sourceTree = "<group>"; };
		506A74032C7AE4C200A62FC7 /* Roboto-Bold.ttf */ = {isa = PBXFileReference; lastKnownFileType = file; path = "Roboto-Bold.ttf"; sourceTree = "<group>"; };
		506A74042C7AE4C200A62FC7 /* Roboto-BoldItalic.ttf */ = {isa = PBXFileReference; lastKnownFileType = file; path = "Roboto-BoldItalic.ttf"; sourceTree = "<group>"; };
		506A74052C7AE4C200A62FC7 /* Roboto-Italic.ttf */ = {isa = PBXFileReference; lastKnownFileType = file; path = "Roboto-Italic.ttf"; sourceTree = "<group>"; };
		506A74062C7AE4C200A62FC7 /* Roboto-Light.ttf */ = {isa = PBXFileReference; lastKnownFileType = file; path = "Roboto-Light.ttf"; sourceTree = "<group>"; };
		506A74072C7AE4C200A62FC7 /* Roboto-LightItalic.ttf */ = {isa = PBXFileReference; lastKnownFileType = file; path = "Roboto-LightItalic.ttf"; sourceTree = "<group>"; };
		506A74082C7AE4C200A62FC7 /* Roboto-Medium.ttf */ = {isa = PBXFileReference; lastKnownFileType = file; path = "Roboto-Medium.ttf"; sourceTree = "<group>"; };
		506A74092C7AE4C200A62FC7 /* Roboto-MediumItalic.ttf */ = {isa = PBXFileReference; lastKnownFileType = file; path = "Roboto-MediumItalic.ttf"; sourceTree = "<group>"; };
		506A740A2C7AE4C200A62FC7 /* Roboto-Regular.ttf */ = {isa = PBXFileReference; lastKnownFileType = file; path = "Roboto-Regular.ttf"; sourceTree = "<group>"; };
		506A740B2C7AE4C200A62FC7 /* Roboto-Thin.ttf */ = {isa = PBXFileReference; lastKnownFileType = file; path = "Roboto-Thin.ttf"; sourceTree = "<group>"; };
		506A740C2C7AE4C200A62FC7 /* Roboto-ThinItalic.ttf */ = {isa = PBXFileReference; lastKnownFileType = file; path = "Roboto-ThinItalic.ttf"; sourceTree = "<group>"; };
		50D27C2E2C7B2D0900AAD3B4 /* SendTxDataModel.swift */ = {isa = PBXFileReference; lastKnownFileType = sourcecode.swift; path = SendTxDataModel.swift; sourceTree = "<group>"; };
		50D27C322C7B2DF600AAD3B4 /* SendTxViewController.swift */ = {isa = PBXFileReference; lastKnownFileType = sourcecode.swift; path = SendTxViewController.swift; sourceTree = "<group>"; };
		50D27C352C7B2E1600AAD3B4 /* SendTxViewModel.swift */ = {isa = PBXFileReference; lastKnownFileType = sourcecode.swift; path = SendTxViewModel.swift; sourceTree = "<group>"; };
/* End PBXFileReference section */

/* Begin PBXFrameworksBuildPhase section */
		506A73592C79403800A62FC7 /* Frameworks */ = {
			isa = PBXFrameworksBuildPhase;
			buildActionMask = 2147483647;
			files = (
				27451DC72C7BC58600768A67 /* Web3Auth in Frameworks */,
				27451DCA2C7BC67100768A67 /* Alamofire in Frameworks */,
				271BBEF02C7C18ED00E24D81 /* web3.swift in Frameworks */,
				27451DCF2C7BC68A00768A67 /* SwiftQRCodeScanner in Frameworks */,
			);
			runOnlyForDeploymentPostprocessing = 0;
		};
		506A736F2C79403900A62FC7 /* Frameworks */ = {
			isa = PBXFrameworksBuildPhase;
			buildActionMask = 2147483647;
			files = (
			);
			runOnlyForDeploymentPostprocessing = 0;
		};
/* End PBXFrameworksBuildPhase section */

/* Begin PBXGroup section */
		2717BAEA2C7D6C6500415E32 /* Web3Auth */ = {
			isa = PBXGroup;
			children = (
				271BBEF92C7C31FA00E24D81 /* AuthManager.swift */,
			);
			path = Web3Auth;
			sourceTree = "<group>";
		};
		2726EAEF2C79F291001ACFE2 /* Jazzicon */ = {
			isa = PBXGroup;
			children = (
				2726EAF02C79F325001ACFE2 /* JazziconImageView.swift */,
				2726EAF22C79F342001ACFE2 /* Jazzicon.swift */,
				2726EAF42C79F362001ACFE2 /* JazzColors.swift */,
				2726EAF62C79F3A9001ACFE2 /* Squall.swift */,
				2726EAF82C79F412001ACFE2 /* Mersenne.swift */,
			);
			path = Jazzicon;
			sourceTree = "<group>";
		};
		2726EB062C7A269A001ACFE2 /* Models */ = {
			isa = PBXGroup;
			children = (
				2726EB072C7A26A7001ACFE2 /* NFTModel.swift */,
				506A73F92C7AB30500A62FC7 /* AlchemyResponse.swift */,
				506A73FF2C7AD3AF00A62FC7 /* CoinPaprikaResponse.swift */,
			);
			path = Models;
			sourceTree = "<group>";
		};
		277C25982C7C001D0034AC0A /* Auth */ = {
			isa = PBXGroup;
			children = (
				277C25A12C7C014F0034AC0A /* AuthViewController.swift */,
				271BBEFD2C7C3FE400E24D81 /* UserViewController.swift */,
				277C25A62C7C0A430034AC0A /* LoginView.swift */,
				271BBF032C7C408B00E24D81 /* UserView.swift */,
			);
			path = Auth;
			sourceTree = "<group>";
		};
		277C25992C7C00A40034AC0A /* Auth */ = {
			isa = PBXGroup;
			children = (
				277C259C2C7C00C70034AC0A /* AuthDataModel.swift */,
				271BBF012C7C406300E24D81 /* UserDataModel.swift */,
			);
			path = Auth;
			sourceTree = "<group>";
		};
		277C259E2C7C00CC0034AC0A /* Auth */ = {
			isa = PBXGroup;
			children = (
				277C259F2C7C00D80034AC0A /* AuthViewModel.swift */,
				271BBEFF2C7C401400E24D81 /* UserViewModel.swift */,
			);
			path = Auth;
			sourceTree = "<group>";
		};
		277C25A32C7C02200034AC0A /* Auth */ = {
			isa = PBXGroup;
			children = (
				277C25A42C7C022C0034AC0A /* AuthCoordinator.swift */,
				271BBF072C7C457D00E24D81 /* UserCoordinator.swift */,
			);
			path = Auth;
			sourceTree = "<group>";
		};
		506A73532C79403800A62FC7 = {
			isa = PBXGroup;
			children = (
				506A735E2C79403800A62FC7 /* Wallet-iOS */,
				506A73752C79403900A62FC7 /* Wallet-iOSTests */,
				506A735D2C79403800A62FC7 /* Products */,
				50D27C3A2C7B34C100AAD3B4 /* Frameworks */,
			);
			sourceTree = "<group>";
		};
		506A735D2C79403800A62FC7 /* Products */ = {
			isa = PBXGroup;
			children = (
				506A735C2C79403800A62FC7 /* Wallet-iOS.app */,
				506A73722C79403900A62FC7 /* Wallet-iOSTests.xctest */,
			);
			name = Products;
			sourceTree = "<group>";
		};
		506A735E2C79403800A62FC7 /* Wallet-iOS */ = {
			isa = PBXGroup;
			children = (
				506A735F2C79403800A62FC7 /* AppDelegate.swift */,
				506A73612C79403800A62FC7 /* SceneDelegate.swift */,
				506A739F2C7943CB00A62FC7 /* Coordinator */,
				506A73AD2C7944ED00A62FC7 /* Views */,
				506A73A72C7944A000A62FC7 /* ViewModels */,
				506A73AA2C7944C300A62FC7 /* DateModels */,
				2726EB062C7A269A001ACFE2 /* Models */,
				506A740E2C7AE4C200A62FC7 /* Resources */,
				2717BAEA2C7D6C6500415E32 /* Web3Auth */,
				506A73D12C794D4A00A62FC7 /* Animation */,
				506A73B42C7945AC00A62FC7 /* Contants */,
				2726EAEF2C79F291001ACFE2 /* Jazzicon */,
				506A73A22C7943EC00A62FC7 /* Utilities */,
				506A73902C79429E00A62FC7 /* Extensions */,
				506A738F2C79428F00A62FC7 /* Supporting Files */,
				506A73632C79403800A62FC7 /* ViewController.swift */,
				506A736D2C79403900A62FC7 /* Info.plist */,
				277C25962C7BFA250034AC0A /* Web3Auth.plist */,
			);
			path = "Wallet-iOS";
			sourceTree = "<group>";
		};
		506A73752C79403900A62FC7 /* Wallet-iOSTests */ = {
			isa = PBXGroup;
			children = (
				506A73762C79403900A62FC7 /* Wallet_iOSTests.swift */,
			);
			path = "Wallet-iOSTests";
			sourceTree = "<group>";
		};
		506A738F2C79428F00A62FC7 /* Supporting Files */ = {
			isa = PBXGroup;
			children = (
				506A736A2C79403900A62FC7 /* LaunchScreen.storyboard */,
				506A73682C79403900A62FC7 /* Assets.xcassets */,
			);
			path = "Supporting Files";
			sourceTree = "<group>";
		};
		506A73902C79429E00A62FC7 /* Extensions */ = {
			isa = PBXGroup;
			children = (
				506A73912C7942C500A62FC7 /* UIView+Extension.swift */,
				506A73932C7942E700A62FC7 /* UIColor+Extension.swift */,
				506A73952C79433100A62FC7 /* UIButton+Extension.swift */,
				506A73972C79435700A62FC7 /* Reusable+Extension.swift */,
				506A73992C79437000A62FC7 /* UITextField+Extension.swift */,
				2717BAE82C7D6B6300415E32 /* Notification+Extension.swift */,
				506A739B2C79439100A62FC7 /* UserDefaulfs+Extension.swift */,
				506A739D2C7943AF00A62FC7 /* UIViewController+Extension.swift */,
			);
			path = Extensions;
			sourceTree = "<group>";
		};
		506A739F2C7943CB00A62FC7 /* Coordinator */ = {
			isa = PBXGroup;
			children = (
				506A73A02C7943D700A62FC7 /* AppCoordinator.swift */,
				271BBEFB2C7C328200E24D81 /* GlobalCoordinator.swift */,
				506A73EA2C7951F300A62FC7 /* Main */,
				277C25A32C7C02200034AC0A /* Auth */,
			);
			path = Coordinator;
			sourceTree = "<group>";
		};
		506A73A22C7943EC00A62FC7 /* Utilities */ = {
			isa = PBXGroup;
			children = (
				506A73A32C7943FB00A62FC7 /* Stack.swift */,
				506A73B02C79457200A62FC7 /* Toast.swift */,
				506A73B22C7945A000A62FC7 /* Screen.swift */,
				277C25AA2C7C17CC0034AC0A /* Web3PRC.swift */,
				271BBF092C7C52B500E24D81 /* Web3Utils.swift */,
			);
			path = Utilities;
			sourceTree = "<group>";
		};
		506A73A72C7944A000A62FC7 /* ViewModels */ = {
			isa = PBXGroup;
			children = (
				271BBF052C7C448400E24D81 /* ViewModelProtocol.swift */,
				506A73E12C794F7300A62FC7 /* Main */,
				277C259E2C7C00CC0034AC0A /* Auth */,
				50D27C342C7B2E0800AAD3B4 /* SendTx */,
			);
			path = ViewModels;
			sourceTree = "<group>";
		};
		506A73AA2C7944C300A62FC7 /* DateModels */ = {
			isa = PBXGroup;
			children = (
				506A73FB2C7AB35900A62FC7 /* Main */,
				277C25992C7C00A40034AC0A /* Auth */,
				50D27C302C7B2DBD00AAD3B4 /* SendTx */,
			);
			path = DateModels;
			sourceTree = "<group>";
		};
		506A73AD2C7944ED00A62FC7 /* Views */ = {
			isa = PBXGroup;
			children = (
				506A73B92C79468600A62FC7 /* Base */,
				506A73C82C794BE700A62FC7 /* Main */,
				277C25982C7C001D0034AC0A /* Auth */,
				50D27C312C7B2DE500AAD3B4 /* SendTx */,
			);
			path = Views;
			sourceTree = "<group>";
		};
		506A73B42C7945AC00A62FC7 /* Contants */ = {
			isa = PBXGroup;
			children = (
				2726EB012C7A0F27001ACFE2 /* Paths.swift */,
				506A73B72C7945EB00A62FC7 /* Fonts.swift */,
				506A73BC2C7946A700A62FC7 /* Colors.swift */,
				506A73B52C7945BE00A62FC7 /* Images.swift */,
			);
			path = Contants;
			sourceTree = "<group>";
		};
		506A73B92C79468600A62FC7 /* Base */ = {
			isa = PBXGroup;
			children = (
				506A73BA2C79469800A62FC7 /* BaseView.swift */,
				506A73BE2C7946E900A62FC7 /* BaseViewController.swift */,
				506A73C02C79470000A62FC7 /* BaseTableView.swift */,
				506A73C22C79471300A62FC7 /* BaseTabelViewCell.swift */,
				506A73C42C79472500A62FC7 /* BaseCollectionView.swift */,
				506A73C62C79473600A62FC7 /* BaseCollectionViewCell.swift */,
			);
			path = Base;
			sourceTree = "<group>";
		};
		506A73C82C794BE700A62FC7 /* Main */ = {
			isa = PBXGroup;
			children = (
				506A73F32C7952FA00A62FC7 /* HostViewController.swift */,
				506A73CF2C794CB700A62FC7 /* SideMenuViewController.swift */,
				506A73AE2C7944FC00A62FC7 /* BalanceViewController.swift */,
				506A73C92C794BF900A62FC7 /* NFTViewController.swift */,
				506A73CB2C794C2900A62FC7 /* TxViewController.swift */,
				506A73CD2C794C4100A62FC7 /* SettingViewController.swift */,
			);
			path = Main;
			sourceTree = "<group>";
		};
		506A73D12C794D4A00A62FC7 /* Animation */ = {
			isa = PBXGroup;
			children = (
				506A73D22C794D5600A62FC7 /* SideMenu */,
			);
			path = Animation;
			sourceTree = "<group>";
		};
		506A73D22C794D5600A62FC7 /* SideMenu */ = {
			isa = PBXGroup;
			children = (
				506A73D32C794D7F00A62FC7 /* MenuAnimator.swift */,
				506A73D52C794D9C00A62FC7 /* MenuContainerViewController.swift */,
				506A73D72C794DAA00A62FC7 /* MenuTransitioningDelegate.swift */,
				506A73D92C794DC900A62FC7 /* MenuViewController.swift */,
				506A73DB2C794DDB00A62FC7 /* Options.swift */,
				506A73DD2C794E0B00A62FC7 /* SideMenuItemContent.swift */,
				506A73DF2C794E2400A62FC7 /* SideMenuItemOptions.swift */,
			);
			path = SideMenu;
			sourceTree = "<group>";
		};
		506A73E12C794F7300A62FC7 /* Main */ = {
			isa = PBXGroup;
			children = (
				506A73F52C7953C000A62FC7 /* HostViewModel.swift */,
				506A73E22C794F7F00A62FC7 /* SideMenuViewModel.swift */,
				506A73A82C7944AD00A62FC7 /* BalanceViewModel.swift */,
				506A73E42C794FCD00A62FC7 /* NFTViewModel.swift */,
				506A73E62C794FFD00A62FC7 /* TxViewModel.swift */,
				506A73E82C79505100A62FC7 /* SettingViewModel.swift */,
			);
			path = Main;
			sourceTree = "<group>";
		};
		506A73EA2C7951F300A62FC7 /* Main */ = {
			isa = PBXGroup;
			children = (
				506A73F72C79555400A62FC7 /* HostCoordinator.swift */,
				506A73EB2C79520100A62FC7 /* SideMenuCoordinator.swift */,
				506A73A52C79448500A62FC7 /* BalanceCoordinator.swift */,
				506A73ED2C79522B00A62FC7 /* NFTCoordinator.swift */,
				506A73EF2C79526900A62FC7 /* TxCoordinator.swift */,
				506A73F12C7952A100A62FC7 /* SettingCoordinator.swift */,
			);
			path = Main;
			sourceTree = "<group>";
		};
		506A73FB2C7AB35900A62FC7 /* Main */ = {
			isa = PBXGroup;
			children = (
				506A73AB2C7944D700A62FC7 /* BalanceDataModel.swift */,
			);
			path = Main;
			sourceTree = "<group>";
		};
		506A740D2C7AE4C200A62FC7 /* Fonts */ = {
			isa = PBXGroup;
			children = (
				506A74012C7AE4C200A62FC7 /* Roboto-Black.ttf */,
				506A74022C7AE4C200A62FC7 /* Roboto-BlackItalic.ttf */,
				506A74032C7AE4C200A62FC7 /* Roboto-Bold.ttf */,
				506A74042C7AE4C200A62FC7 /* Roboto-BoldItalic.ttf */,
				506A74052C7AE4C200A62FC7 /* Roboto-Italic.ttf */,
				506A74062C7AE4C200A62FC7 /* Roboto-Light.ttf */,
				506A74072C7AE4C200A62FC7 /* Roboto-LightItalic.ttf */,
				506A74082C7AE4C200A62FC7 /* Roboto-Medium.ttf */,
				506A74092C7AE4C200A62FC7 /* Roboto-MediumItalic.ttf */,
				506A740A2C7AE4C200A62FC7 /* Roboto-Regular.ttf */,
				506A740B2C7AE4C200A62FC7 /* Roboto-Thin.ttf */,
				506A740C2C7AE4C200A62FC7 /* Roboto-ThinItalic.ttf */,
			);
			path = Fonts;
			sourceTree = "<group>";
		};
		506A740E2C7AE4C200A62FC7 /* Resources */ = {
			isa = PBXGroup;
			children = (
				506A740D2C7AE4C200A62FC7 /* Fonts */,
			);
			path = Resources;
			sourceTree = "<group>";
		};
		50D27C302C7B2DBD00AAD3B4 /* SendTx */ = {
			isa = PBXGroup;
			children = (
				50D27C2E2C7B2D0900AAD3B4 /* SendTxDataModel.swift */,
			);
			path = SendTx;
			sourceTree = "<group>";
		};
		50D27C312C7B2DE500AAD3B4 /* SendTx */ = {
			isa = PBXGroup;
			children = (
				50D27C322C7B2DF600AAD3B4 /* SendTxViewController.swift */,
			);
			path = SendTx;
			sourceTree = "<group>";
		};
		50D27C342C7B2E0800AAD3B4 /* SendTx */ = {
			isa = PBXGroup;
			children = (
				50D27C352C7B2E1600AAD3B4 /* SendTxViewModel.swift */,
			);
			path = SendTx;
			sourceTree = "<group>";
		};
		50D27C3A2C7B34C100AAD3B4 /* Frameworks */ = {
			isa = PBXGroup;
			children = (
			);
			name = Frameworks;
			sourceTree = "<group>";
		};
/* End PBXGroup section */

/* Begin PBXNativeTarget section */
		506A735B2C79403800A62FC7 /* Wallet-iOS */ = {
			isa = PBXNativeTarget;
			buildConfigurationList = 506A73862C79403900A62FC7 /* Build configuration list for PBXNativeTarget "Wallet-iOS" */;
			buildPhases = (
				506A73582C79403800A62FC7 /* Sources */,
				506A73592C79403800A62FC7 /* Frameworks */,
				506A735A2C79403800A62FC7 /* Resources */,
			);
			buildRules = (
			);
			dependencies = (
			);
			name = "Wallet-iOS";
			packageProductDependencies = (
				27451DC62C7BC58600768A67 /* Web3Auth */,
				27451DC92C7BC67100768A67 /* Alamofire */,
				27451DCE2C7BC68A00768A67 /* SwiftQRCodeScanner */,
				271BBEEF2C7C18ED00E24D81 /* web3.swift */,
			);
			productName = "Wallet-iOS";
			productReference = 506A735C2C79403800A62FC7 /* Wallet-iOS.app */;
			productType = "com.apple.product-type.application";
		};
		506A73712C79403900A62FC7 /* Wallet-iOSTests */ = {
			isa = PBXNativeTarget;
			buildConfigurationList = 506A73892C79403900A62FC7 /* Build configuration list for PBXNativeTarget "Wallet-iOSTests" */;
			buildPhases = (
				506A736E2C79403900A62FC7 /* Sources */,
				506A736F2C79403900A62FC7 /* Frameworks */,
				506A73702C79403900A62FC7 /* Resources */,
			);
			buildRules = (
			);
			dependencies = (
				506A73742C79403900A62FC7 /* PBXTargetDependency */,
			);
			name = "Wallet-iOSTests";
			productName = "Wallet-iOSTests";
			productReference = 506A73722C79403900A62FC7 /* Wallet-iOSTests.xctest */;
			productType = "com.apple.product-type.bundle.unit-test";
		};
/* End PBXNativeTarget section */

/* Begin PBXProject section */
		506A73542C79403800A62FC7 /* Project object */ = {
			isa = PBXProject;
			attributes = {
				BuildIndependentTargetsInParallel = 1;
				LastSwiftUpdateCheck = 1540;
				LastUpgradeCheck = 1540;
				TargetAttributes = {
					506A735B2C79403800A62FC7 = {
						CreatedOnToolsVersion = 15.4;
					};
					506A73712C79403900A62FC7 = {
						CreatedOnToolsVersion = 15.4;
						TestTargetID = 506A735B2C79403800A62FC7;
					};
				};
			};
			buildConfigurationList = 506A73572C79403800A62FC7 /* Build configuration list for PBXProject "Wallet-iOS" */;
			compatibilityVersion = "Xcode 14.0";
			developmentRegion = en;
			hasScannedForEncodings = 0;
			knownRegions = (
				en,
				Base,
			);
			mainGroup = 506A73532C79403800A62FC7;
			packageReferences = (
				27451DC52C7BC58600768A67 /* XCRemoteSwiftPackageReference "web3auth-swift-sdk" */,
				27451DC82C7BC67100768A67 /* XCRemoteSwiftPackageReference "Alamofire" */,
				27451DCD2C7BC68A00768A67 /* XCRemoteSwiftPackageReference "SwiftQRCodeScanner" */,
				271BBEEE2C7C18ED00E24D81 /* XCRemoteSwiftPackageReference "web3" */,
			);
			productRefGroup = 506A735D2C79403800A62FC7 /* Products */;
			projectDirPath = "";
			projectRoot = "";
			targets = (
				506A735B2C79403800A62FC7 /* Wallet-iOS */,
				506A73712C79403900A62FC7 /* Wallet-iOSTests */,
			);
		};
/* End PBXProject section */

/* Begin PBXResourcesBuildPhase section */
		506A735A2C79403800A62FC7 /* Resources */ = {
			isa = PBXResourcesBuildPhase;
			buildActionMask = 2147483647;
			files = (
				506A74162C7AE4C200A62FC7 /* Roboto-Medium.ttf in Resources */,
				506A74122C7AE4C200A62FC7 /* Roboto-BoldItalic.ttf in Resources */,
				506A73692C79403900A62FC7 /* Assets.xcassets in Resources */,
				506A736C2C79403900A62FC7 /* Base in Resources */,
				506A74112C7AE4C200A62FC7 /* Roboto-Bold.ttf in Resources */,
				506A74132C7AE4C200A62FC7 /* Roboto-Italic.ttf in Resources */,
				506A74182C7AE4C200A62FC7 /* Roboto-Regular.ttf in Resources */,
				506A74152C7AE4C200A62FC7 /* Roboto-LightItalic.ttf in Resources */,
				506A740F2C7AE4C200A62FC7 /* Roboto-Black.ttf in Resources */,
				506A74142C7AE4C200A62FC7 /* Roboto-Light.ttf in Resources */,
				506A741A2C7AE4C200A62FC7 /* Roboto-ThinItalic.ttf in Resources */,
				506A74172C7AE4C200A62FC7 /* Roboto-MediumItalic.ttf in Resources */,
				506A74192C7AE4C200A62FC7 /* Roboto-Thin.ttf in Resources */,
				506A74102C7AE4C200A62FC7 /* Roboto-BlackItalic.ttf in Resources */,
				277C25972C7BFA250034AC0A /* Web3Auth.plist in Resources */,
			);
			runOnlyForDeploymentPostprocessing = 0;
		};
		506A73702C79403900A62FC7 /* Resources */ = {
			isa = PBXResourcesBuildPhase;
			buildActionMask = 2147483647;
			files = (
			);
			runOnlyForDeploymentPostprocessing = 0;
		};
/* End PBXResourcesBuildPhase section */

/* Begin PBXSourcesBuildPhase section */
		506A73582C79403800A62FC7 /* Sources */ = {
			isa = PBXSourcesBuildPhase;
			buildActionMask = 2147483647;
			files = (
				506A73A12C7943D700A62FC7 /* AppCoordinator.swift in Sources */,
				506A73F22C7952A100A62FC7 /* SettingCoordinator.swift in Sources */,
				506A73E92C79505100A62FC7 /* SettingViewModel.swift in Sources */,
				506A73C52C79472500A62FC7 /* BaseCollectionView.swift in Sources */,
				506A73EE2C79522B00A62FC7 /* NFTCoordinator.swift in Sources */,
				506A73BD2C7946A700A62FC7 /* Colors.swift in Sources */,
				506A73D02C794CB700A62FC7 /* SideMenuViewController.swift in Sources */,
				506A73642C79403800A62FC7 /* ViewController.swift in Sources */,
				271BBF062C7C448400E24D81 /* ViewModelProtocol.swift in Sources */,
				50D27C2F2C7B2D0900AAD3B4 /* SendTxDataModel.swift in Sources */,
				271BBF022C7C406300E24D81 /* UserDataModel.swift in Sources */,
				2717BAE92C7D6B6300415E32 /* Notification+Extension.swift in Sources */,
				506A73F82C79555400A62FC7 /* HostCoordinator.swift in Sources */,
				506A73BF2C7946E900A62FC7 /* BaseViewController.swift in Sources */,
				506A73CE2C794C4100A62FC7 /* SettingViewController.swift in Sources */,
				506A73E02C794E2400A62FC7 /* SideMenuItemOptions.swift in Sources */,
				271BBF002C7C401400E24D81 /* UserViewModel.swift in Sources */,
				506A73DE2C794E0B00A62FC7 /* SideMenuItemContent.swift in Sources */,
				506A73E52C794FCD00A62FC7 /* NFTViewModel.swift in Sources */,
				271BBF0A2C7C52B500E24D81 /* Web3Utils.swift in Sources */,
				506A73C12C79470000A62FC7 /* BaseTableView.swift in Sources */,
				271BBF082C7C457D00E24D81 /* UserCoordinator.swift in Sources */,
				506A73C32C79471300A62FC7 /* BaseTabelViewCell.swift in Sources */,
				506A73B12C79457200A62FC7 /* Toast.swift in Sources */,
				277C25AB2C7C17CC0034AC0A /* Web3PRC.swift in Sources */,
				2726EAF32C79F342001ACFE2 /* Jazzicon.swift in Sources */,
				506A73FA2C7AB30500A62FC7 /* AlchemyResponse.swift in Sources */,
				506A73602C79403800A62FC7 /* AppDelegate.swift in Sources */,
				506A73AC2C7944D700A62FC7 /* BalanceDataModel.swift in Sources */,
				506A73D62C794D9C00A62FC7 /* MenuContainerViewController.swift in Sources */,
				506A73B32C7945A000A62FC7 /* Screen.swift in Sources */,
				506A73C72C79473600A62FC7 /* BaseCollectionViewCell.swift in Sources */,
				506A739C2C79439100A62FC7 /* UserDefaulfs+Extension.swift in Sources */,
				271BBEFC2C7C328200E24D81 /* GlobalCoordinator.swift in Sources */,
				506A73DC2C794DDB00A62FC7 /* Options.swift in Sources */,
				271BBEFA2C7C31FA00E24D81 /* AuthManager.swift in Sources */,
				506A73A42C7943FB00A62FC7 /* Stack.swift in Sources */,
				277C25A52C7C022C0034AC0A /* AuthCoordinator.swift in Sources */,
				2726EAF52C79F362001ACFE2 /* JazzColors.swift in Sources */,
				506A73F42C7952FA00A62FC7 /* HostViewController.swift in Sources */,
				506A74002C7AD3AF00A62FC7 /* CoinPaprikaResponse.swift in Sources */,
				506A73982C79435700A62FC7 /* Reusable+Extension.swift in Sources */,
				506A73AF2C7944FC00A62FC7 /* BalanceViewController.swift in Sources */,
				2726EB082C7A26A7001ACFE2 /* NFTModel.swift in Sources */,
				506A73922C7942C500A62FC7 /* UIView+Extension.swift in Sources */,
				2726EAF72C79F3A9001ACFE2 /* Squall.swift in Sources */,
				506A73F02C79526900A62FC7 /* TxCoordinator.swift in Sources */,
				506A73B62C7945BE00A62FC7 /* Images.swift in Sources */,
				506A73D82C794DAA00A62FC7 /* MenuTransitioningDelegate.swift in Sources */,
				506A73A92C7944AD00A62FC7 /* BalanceViewModel.swift in Sources */,
				506A73E72C794FFD00A62FC7 /* TxViewModel.swift in Sources */,
				271BBEFE2C7C3FE400E24D81 /* UserViewController.swift in Sources */,
				271BBF042C7C408B00E24D81 /* UserView.swift in Sources */,
				506A73622C79403800A62FC7 /* SceneDelegate.swift in Sources */,
				2726EAF92C79F412001ACFE2 /* Mersenne.swift in Sources */,
				506A739A2C79437000A62FC7 /* UITextField+Extension.swift in Sources */,
				506A73942C7942E700A62FC7 /* UIColor+Extension.swift in Sources */,
				506A73B82C7945EB00A62FC7 /* Fonts.swift in Sources */,
				506A73A62C79448500A62FC7 /* BalanceCoordinator.swift in Sources */,
				277C25A72C7C0A430034AC0A /* LoginView.swift in Sources */,
				506A73BB2C79469800A62FC7 /* BaseView.swift in Sources */,
				506A73CA2C794BF900A62FC7 /* NFTViewController.swift in Sources */,
				506A73F62C7953C000A62FC7 /* HostViewModel.swift in Sources */,
				506A739E2C7943AF00A62FC7 /* UIViewController+Extension.swift in Sources */,
				2726EB022C7A0F27001ACFE2 /* Paths.swift in Sources */,
				277C25A02C7C00D80034AC0A /* AuthViewModel.swift in Sources */,
				277C259D2C7C00C70034AC0A /* AuthDataModel.swift in Sources */,
				50D27C362C7B2E1600AAD3B4 /* SendTxViewModel.swift in Sources */,
				2726EAF12C79F325001ACFE2 /* JazziconImageView.swift in Sources */,
				506A73E32C794F7F00A62FC7 /* SideMenuViewModel.swift in Sources */,
				50D27C332C7B2DF600AAD3B4 /* SendTxViewController.swift in Sources */,
				506A73DA2C794DC900A62FC7 /* MenuViewController.swift in Sources */,
				506A73EC2C79520100A62FC7 /* SideMenuCoordinator.swift in Sources */,
				506A73D42C794D7F00A62FC7 /* MenuAnimator.swift in Sources */,
				506A73CC2C794C2900A62FC7 /* TxViewController.swift in Sources */,
				277C25A22C7C014F0034AC0A /* AuthViewController.swift in Sources */,
				506A73962C79433100A62FC7 /* UIButton+Extension.swift in Sources */,
			);
			runOnlyForDeploymentPostprocessing = 0;
		};
		506A736E2C79403900A62FC7 /* Sources */ = {
			isa = PBXSourcesBuildPhase;
			buildActionMask = 2147483647;
			files = (
				506A73772C79403900A62FC7 /* Wallet_iOSTests.swift in Sources */,
			);
			runOnlyForDeploymentPostprocessing = 0;
		};
/* End PBXSourcesBuildPhase section */

/* Begin PBXTargetDependency section */
		506A73742C79403900A62FC7 /* PBXTargetDependency */ = {
			isa = PBXTargetDependency;
			target = 506A735B2C79403800A62FC7 /* Wallet-iOS */;
			targetProxy = 506A73732C79403900A62FC7 /* PBXContainerItemProxy */;
		};
/* End PBXTargetDependency section */

/* Begin PBXVariantGroup section */
		506A736A2C79403900A62FC7 /* LaunchScreen.storyboard */ = {
			isa = PBXVariantGroup;
			children = (
				506A736B2C79403900A62FC7 /* Base */,
			);
			name = LaunchScreen.storyboard;
			sourceTree = "<group>";
		};
/* End PBXVariantGroup section */

/* Begin XCBuildConfiguration section */
		506A73842C79403900A62FC7 /* Debug */ = {
			isa = XCBuildConfiguration;
			buildSettings = {
				ALWAYS_SEARCH_USER_PATHS = NO;
				ASSETCATALOG_COMPILER_GENERATE_SWIFT_ASSET_SYMBOL_EXTENSIONS = YES;
				CLANG_ANALYZER_NONNULL = YES;
				CLANG_ANALYZER_NUMBER_OBJECT_CONVERSION = YES_AGGRESSIVE;
				CLANG_CXX_LANGUAGE_STANDARD = "gnu++20";
				CLANG_ENABLE_MODULES = YES;
				CLANG_ENABLE_OBJC_ARC = YES;
				CLANG_ENABLE_OBJC_WEAK = YES;
				CLANG_WARN_BLOCK_CAPTURE_AUTORELEASING = YES;
				CLANG_WARN_BOOL_CONVERSION = YES;
				CLANG_WARN_COMMA = YES;
				CLANG_WARN_CONSTANT_CONVERSION = YES;
				CLANG_WARN_DEPRECATED_OBJC_IMPLEMENTATIONS = YES;
				CLANG_WARN_DIRECT_OBJC_ISA_USAGE = YES_ERROR;
				CLANG_WARN_DOCUMENTATION_COMMENTS = YES;
				CLANG_WARN_EMPTY_BODY = YES;
				CLANG_WARN_ENUM_CONVERSION = YES;
				CLANG_WARN_INFINITE_RECURSION = YES;
				CLANG_WARN_INT_CONVERSION = YES;
				CLANG_WARN_NON_LITERAL_NULL_CONVERSION = YES;
				CLANG_WARN_OBJC_IMPLICIT_RETAIN_SELF = YES;
				CLANG_WARN_OBJC_LITERAL_CONVERSION = YES;
				CLANG_WARN_OBJC_ROOT_CLASS = YES_ERROR;
				CLANG_WARN_QUOTED_INCLUDE_IN_FRAMEWORK_HEADER = YES;
				CLANG_WARN_RANGE_LOOP_ANALYSIS = YES;
				CLANG_WARN_STRICT_PROTOTYPES = YES;
				CLANG_WARN_SUSPICIOUS_MOVE = YES;
				CLANG_WARN_UNGUARDED_AVAILABILITY = YES_AGGRESSIVE;
				CLANG_WARN_UNREACHABLE_CODE = YES;
				CLANG_WARN__DUPLICATE_METHOD_MATCH = YES;
				COPY_PHASE_STRIP = NO;
				DEBUG_INFORMATION_FORMAT = dwarf;
				ENABLE_STRICT_OBJC_MSGSEND = YES;
				ENABLE_TESTABILITY = YES;
				ENABLE_USER_SCRIPT_SANDBOXING = YES;
				GCC_C_LANGUAGE_STANDARD = gnu17;
				GCC_DYNAMIC_NO_PIC = NO;
				GCC_NO_COMMON_BLOCKS = YES;
				GCC_OPTIMIZATION_LEVEL = 0;
				GCC_PREPROCESSOR_DEFINITIONS = (
					"DEBUG=1",
					"$(inherited)",
				);
				GCC_WARN_64_TO_32_BIT_CONVERSION = YES;
				GCC_WARN_ABOUT_RETURN_TYPE = YES_ERROR;
				GCC_WARN_UNDECLARED_SELECTOR = YES;
				GCC_WARN_UNINITIALIZED_AUTOS = YES_AGGRESSIVE;
				GCC_WARN_UNUSED_FUNCTION = YES;
				GCC_WARN_UNUSED_VARIABLE = YES;
				IPHONEOS_DEPLOYMENT_TARGET = 17.5;
				LOCALIZATION_PREFERS_STRING_CATALOGS = YES;
				MTL_ENABLE_DEBUG_INFO = INCLUDE_SOURCE;
				MTL_FAST_MATH = YES;
				ONLY_ACTIVE_ARCH = YES;
				SDKROOT = iphoneos;
				SWIFT_ACTIVE_COMPILATION_CONDITIONS = "DEBUG $(inherited)";
				SWIFT_OPTIMIZATION_LEVEL = "-Onone";
			};
			name = Debug;
		};
		506A73852C79403900A62FC7 /* Release */ = {
			isa = XCBuildConfiguration;
			buildSettings = {
				ALWAYS_SEARCH_USER_PATHS = NO;
				ASSETCATALOG_COMPILER_GENERATE_SWIFT_ASSET_SYMBOL_EXTENSIONS = YES;
				CLANG_ANALYZER_NONNULL = YES;
				CLANG_ANALYZER_NUMBER_OBJECT_CONVERSION = YES_AGGRESSIVE;
				CLANG_CXX_LANGUAGE_STANDARD = "gnu++20";
				CLANG_ENABLE_MODULES = YES;
				CLANG_ENABLE_OBJC_ARC = YES;
				CLANG_ENABLE_OBJC_WEAK = YES;
				CLANG_WARN_BLOCK_CAPTURE_AUTORELEASING = YES;
				CLANG_WARN_BOOL_CONVERSION = YES;
				CLANG_WARN_COMMA = YES;
				CLANG_WARN_CONSTANT_CONVERSION = YES;
				CLANG_WARN_DEPRECATED_OBJC_IMPLEMENTATIONS = YES;
				CLANG_WARN_DIRECT_OBJC_ISA_USAGE = YES_ERROR;
				CLANG_WARN_DOCUMENTATION_COMMENTS = YES;
				CLANG_WARN_EMPTY_BODY = YES;
				CLANG_WARN_ENUM_CONVERSION = YES;
				CLANG_WARN_INFINITE_RECURSION = YES;
				CLANG_WARN_INT_CONVERSION = YES;
				CLANG_WARN_NON_LITERAL_NULL_CONVERSION = YES;
				CLANG_WARN_OBJC_IMPLICIT_RETAIN_SELF = YES;
				CLANG_WARN_OBJC_LITERAL_CONVERSION = YES;
				CLANG_WARN_OBJC_ROOT_CLASS = YES_ERROR;
				CLANG_WARN_QUOTED_INCLUDE_IN_FRAMEWORK_HEADER = YES;
				CLANG_WARN_RANGE_LOOP_ANALYSIS = YES;
				CLANG_WARN_STRICT_PROTOTYPES = YES;
				CLANG_WARN_SUSPICIOUS_MOVE = YES;
				CLANG_WARN_UNGUARDED_AVAILABILITY = YES_AGGRESSIVE;
				CLANG_WARN_UNREACHABLE_CODE = YES;
				CLANG_WARN__DUPLICATE_METHOD_MATCH = YES;
				COPY_PHASE_STRIP = NO;
				DEBUG_INFORMATION_FORMAT = "dwarf-with-dsym";
				ENABLE_NS_ASSERTIONS = NO;
				ENABLE_STRICT_OBJC_MSGSEND = YES;
				ENABLE_USER_SCRIPT_SANDBOXING = YES;
				GCC_C_LANGUAGE_STANDARD = gnu17;
				GCC_NO_COMMON_BLOCKS = YES;
				GCC_WARN_64_TO_32_BIT_CONVERSION = YES;
				GCC_WARN_ABOUT_RETURN_TYPE = YES_ERROR;
				GCC_WARN_UNDECLARED_SELECTOR = YES;
				GCC_WARN_UNINITIALIZED_AUTOS = YES_AGGRESSIVE;
				GCC_WARN_UNUSED_FUNCTION = YES;
				GCC_WARN_UNUSED_VARIABLE = YES;
				IPHONEOS_DEPLOYMENT_TARGET = 17.5;
				LOCALIZATION_PREFERS_STRING_CATALOGS = YES;
				MTL_ENABLE_DEBUG_INFO = NO;
				MTL_FAST_MATH = YES;
				SDKROOT = iphoneos;
				SWIFT_COMPILATION_MODE = wholemodule;
				VALIDATE_PRODUCT = YES;
			};
			name = Release;
		};
		506A73872C79403900A62FC7 /* Debug */ = {
			isa = XCBuildConfiguration;
			buildSettings = {
				ASSETCATALOG_COMPILER_APPICON_NAME = AppIcon;
				ASSETCATALOG_COMPILER_GLOBAL_ACCENT_COLOR_NAME = AccentColor;
				CODE_SIGN_STYLE = Automatic;
				CURRENT_PROJECT_VERSION = 1;
				DEVELOPMENT_TEAM = P5KBZ437XM;
				GENERATE_INFOPLIST_FILE = YES;
				INFOPLIST_FILE = "Wallet-iOS/Info.plist";
				INFOPLIST_KEY_NSCameraUsageDescription = "Scan QRcode";
				INFOPLIST_KEY_UIApplicationSupportsIndirectInputEvents = YES;
				INFOPLIST_KEY_UILaunchStoryboardName = LaunchScreen;
				INFOPLIST_KEY_UIMainStoryboardFile = "";
				INFOPLIST_KEY_UISupportedInterfaceOrientations = "UIInterfaceOrientationLandscapeLeft UIInterfaceOrientationLandscapeRight UIInterfaceOrientationPortrait UIInterfaceOrientationPortraitUpsideDown";
				LD_RUNPATH_SEARCH_PATHS = (
					"$(inherited)",
					"@executable_path/Frameworks",
				);
				MARKETING_VERSION = 1.0;
				PRODUCT_BUNDLE_IDENTIFIER = "com.ttdp.Wallet-iOS";
				PRODUCT_NAME = "$(TARGET_NAME)";
				SWIFT_EMIT_LOC_STRINGS = YES;
				SWIFT_VERSION = 5.0;
				TARGETED_DEVICE_FAMILY = "1,2";
			};
			name = Debug;
		};
		506A73882C79403900A62FC7 /* Release */ = {
			isa = XCBuildConfiguration;
			buildSettings = {
				ASSETCATALOG_COMPILER_APPICON_NAME = AppIcon;
				ASSETCATALOG_COMPILER_GLOBAL_ACCENT_COLOR_NAME = AccentColor;
				CODE_SIGN_STYLE = Automatic;
				CURRENT_PROJECT_VERSION = 1;
				DEVELOPMENT_TEAM = P5KBZ437XM;
				GENERATE_INFOPLIST_FILE = YES;
				INFOPLIST_FILE = "Wallet-iOS/Info.plist";
				INFOPLIST_KEY_NSCameraUsageDescription = "Scan QRcode";
				INFOPLIST_KEY_UIApplicationSupportsIndirectInputEvents = YES;
				INFOPLIST_KEY_UILaunchStoryboardName = LaunchScreen;
				INFOPLIST_KEY_UIMainStoryboardFile = "";
				INFOPLIST_KEY_UISupportedInterfaceOrientations = "UIInterfaceOrientationLandscapeLeft UIInterfaceOrientationLandscapeRight UIInterfaceOrientationPortrait UIInterfaceOrientationPortraitUpsideDown";
				LD_RUNPATH_SEARCH_PATHS = (
					"$(inherited)",
					"@executable_path/Frameworks",
				);
				MARKETING_VERSION = 1.0;
				PRODUCT_BUNDLE_IDENTIFIER = "com.ttdp.Wallet-iOS";
				PRODUCT_NAME = "$(TARGET_NAME)";
				SWIFT_EMIT_LOC_STRINGS = YES;
				SWIFT_VERSION = 5.0;
				TARGETED_DEVICE_FAMILY = "1,2";
			};
			name = Release;
		};
		506A738A2C79403900A62FC7 /* Debug */ = {
			isa = XCBuildConfiguration;
			buildSettings = {
				ALWAYS_EMBED_SWIFT_STANDARD_LIBRARIES = YES;
				BUNDLE_LOADER = "$(TEST_HOST)";
				CODE_SIGN_STYLE = Automatic;
				CURRENT_PROJECT_VERSION = 1;
				GENERATE_INFOPLIST_FILE = YES;
				IPHONEOS_DEPLOYMENT_TARGET = 17.5;
				MARKETING_VERSION = 1.0;
				PRODUCT_BUNDLE_IDENTIFIER = "com.ttdp.Wallet-iOSTests";
				PRODUCT_NAME = "$(TARGET_NAME)";
				SWIFT_EMIT_LOC_STRINGS = NO;
				SWIFT_VERSION = 5.0;
				TARGETED_DEVICE_FAMILY = "1,2";
				TEST_HOST = "$(BUILT_PRODUCTS_DIR)/Wallet-iOS.app/$(BUNDLE_EXECUTABLE_FOLDER_PATH)/Wallet-iOS";
			};
			name = Debug;
		};
		506A738B2C79403900A62FC7 /* Release */ = {
			isa = XCBuildConfiguration;
			buildSettings = {
				ALWAYS_EMBED_SWIFT_STANDARD_LIBRARIES = YES;
				BUNDLE_LOADER = "$(TEST_HOST)";
				CODE_SIGN_STYLE = Automatic;
				CURRENT_PROJECT_VERSION = 1;
				GENERATE_INFOPLIST_FILE = YES;
				IPHONEOS_DEPLOYMENT_TARGET = 17.5;
				MARKETING_VERSION = 1.0;
				PRODUCT_BUNDLE_IDENTIFIER = "com.ttdp.Wallet-iOSTests";
				PRODUCT_NAME = "$(TARGET_NAME)";
				SWIFT_EMIT_LOC_STRINGS = NO;
				SWIFT_VERSION = 5.0;
				TARGETED_DEVICE_FAMILY = "1,2";
				TEST_HOST = "$(BUILT_PRODUCTS_DIR)/Wallet-iOS.app/$(BUNDLE_EXECUTABLE_FOLDER_PATH)/Wallet-iOS";
			};
			name = Release;
		};
/* End XCBuildConfiguration section */

/* Begin XCConfigurationList section */
		506A73572C79403800A62FC7 /* Build configuration list for PBXProject "Wallet-iOS" */ = {
			isa = XCConfigurationList;
			buildConfigurations = (
				506A73842C79403900A62FC7 /* Debug */,
				506A73852C79403900A62FC7 /* Release */,
			);
			defaultConfigurationIsVisible = 0;
			defaultConfigurationName = Release;
		};
		506A73862C79403900A62FC7 /* Build configuration list for PBXNativeTarget "Wallet-iOS" */ = {
			isa = XCConfigurationList;
			buildConfigurations = (
				506A73872C79403900A62FC7 /* Debug */,
				506A73882C79403900A62FC7 /* Release */,
			);
			defaultConfigurationIsVisible = 0;
			defaultConfigurationName = Release;
		};
		506A73892C79403900A62FC7 /* Build configuration list for PBXNativeTarget "Wallet-iOSTests" */ = {
			isa = XCConfigurationList;
			buildConfigurations = (
				506A738A2C79403900A62FC7 /* Debug */,
				506A738B2C79403900A62FC7 /* Release */,
			);
			defaultConfigurationIsVisible = 0;
			defaultConfigurationName = Release;
		};
/* End XCConfigurationList section */

/* Begin XCRemoteSwiftPackageReference section */
		271BBEEE2C7C18ED00E24D81 /* XCRemoteSwiftPackageReference "web3" */ = {
			isa = XCRemoteSwiftPackageReference;
			repositoryURL = "https://github.com/argentlabs/web3.swift";
			requirement = {
				kind = upToNextMajorVersion;
				minimumVersion = 1.6.1;
			};
		};
		27451DC52C7BC58600768A67 /* XCRemoteSwiftPackageReference "web3auth-swift-sdk" */ = {
			isa = XCRemoteSwiftPackageReference;
			repositoryURL = "https://github.com/Web3Auth/web3auth-swift-sdk";
			requirement = {
				kind = upToNextMajorVersion;
				minimumVersion = 9.0.0;
			};
		};
		27451DC82C7BC67100768A67 /* XCRemoteSwiftPackageReference "Alamofire" */ = {
			isa = XCRemoteSwiftPackageReference;
			repositoryURL = "https://github.com/Alamofire/Alamofire";
			requirement = {
				kind = upToNextMajorVersion;
				minimumVersion = 5.9.1;
			};
		};
		27451DCD2C7BC68A00768A67 /* XCRemoteSwiftPackageReference "SwiftQRCodeScanner" */ = {
			isa = XCRemoteSwiftPackageReference;
			repositoryURL = "https://github.com/vinodiOS/SwiftQRCodeScanner";
			requirement = {
				kind = upToNextMajorVersion;
				minimumVersion = 1.16.0;
			};
		};
/* End XCRemoteSwiftPackageReference section */

/* Begin XCSwiftPackageProductDependency section */
		271BBEEF2C7C18ED00E24D81 /* web3.swift */ = {
			isa = XCSwiftPackageProductDependency;
			package = 271BBEEE2C7C18ED00E24D81 /* XCRemoteSwiftPackageReference "web3" */;
			productName = web3.swift;
		};
		27451DC62C7BC58600768A67 /* Web3Auth */ = {
			isa = XCSwiftPackageProductDependency;
			package = 27451DC52C7BC58600768A67 /* XCRemoteSwiftPackageReference "web3auth-swift-sdk" */;
			productName = Web3Auth;
		};
		27451DC92C7BC67100768A67 /* Alamofire */ = {
			isa = XCSwiftPackageProductDependency;
			package = 27451DC82C7BC67100768A67 /* XCRemoteSwiftPackageReference "Alamofire" */;
			productName = Alamofire;
		};
		27451DCE2C7BC68A00768A67 /* SwiftQRCodeScanner */ = {
			isa = XCSwiftPackageProductDependency;
			package = 27451DCD2C7BC68A00768A67 /* XCRemoteSwiftPackageReference "SwiftQRCodeScanner" */;
			productName = SwiftQRCodeScanner;
		};
/* End XCSwiftPackageProductDependency section */
	};
	rootObject = 506A73542C79403800A62FC7 /* Project object */;
}
